
Microsoft Visual Studio Solution File, Format Version 12.00
# Visual Studio Version 16
VisualStudioVersion = 16.0.30225.117
MinimumVisualStudioVersion = 10.0.40219.1
Project("{9A19103F-16F7-4668-BE54-9A1E7A4F7556}") = "Cephei.Cell", "Cephei.Cell\Cephei.Cell.csproj", "{947AA01A-F966-4731-9D27-373C74FEB794}"
EndProject
Project("{6EC3EE1D-3C4E-46DD-8F32-0CC8E7565705}") = "Cephei.Cell.Test", "Cephei.Cell.FTest\Cephei.Cell.Test.fsproj", "{46C72146-A69C-4881-B969-031639B73AB5}"
EndProject
Project("{FAE04EC0-301F-11D3-BF4B-00C04F79EFBC}") = "Cephei.Gen", "Cephei.Gen\Cephei.Gen.csproj", "{1D36E2D2-01C8-4E6E-81DD-D009653858AF}"
EndProject
Project("{9A19103F-16F7-4668-BE54-9A1E7A4F7556}") = "Cephei.Orleans", "Cephei.Orleans\Cephei.Orleans.csproj", "{EE5D4241-7681-4C43-80A7-B94343A53780}"
EndProject
Project("{6EC3EE1D-3C4E-46DD-8F32-0CC8E7565705}") = "Cephei.QL", "Cephei.QL\Cephei.QL.fsproj", "{E3D627AF-54B8-4A9B-B645-0DEF1D08B9EB}"
EndProject
Project("{6EC3EE1D-3C4E-46DD-8F32-0CC8E7565705}") = "Cephei.QL.Samples", "Cephei.QL.Samples\Cephei.QL.Samples.fsproj", "{A112B056-007E-4D4C-B83E-87FEE72F2CD5}"
EndProject
Project("{9A19103F-16F7-4668-BE54-9A1E7A4F7556}") = "Cephei.QLNetHelper", "Cephei.QLNetHelper\Cephei.QLNetHelper.csproj", "{B0F64D90-8900-41F6-ACB5-CA0000F9F7BC}"
EndProject
Project("{6EC3EE1D-3C4E-46DD-8F32-0CC8E7565705}") = "Cephei.QL.Test", "Cephei.QL.Test\Cephei.QL.Test.fsproj", "{E54ED882-2B80-47D9-8D4E-1EE08344AD34}"
EndProject
Project("{9A19103F-16F7-4668-BE54-9A1E7A4F7556}") = "QLNet", "..\amaggiulli\QLNet\src\QLNet\QLNet.csproj", "{A3C24859-C41B-483D-A5BA-3E6D6A1DB6A0}"
EndProject
Project("{6EC3EE1D-3C4E-46DD-8F32-0CC8E7565705}") = "Cephei.XLM", "Cephei.XL\Cephei.XLM.fsproj", "{4E11CADD-6287-4E2A-BFE2-AB7F3D4CD3C5}"
EndProject
Project("{6EC3EE1D-3C4E-46DD-8F32-0CC8E7565705}") = "Cephei.XL1", "Cephei.XL\Cephei.XL1.fsproj", "{F530F568-13DD-48CB-A41B-C030B2A4FA86}"
EndProject
Project("{6EC3EE1D-3C4E-46DD-8F32-0CC8E7565705}") = "Cephei.XL2", "Cephei.XL\Cephei.XL2.fsproj", "{A457E797-022C-4D1B-A3B1-51F8284F6F8D}"
EndProject
Project("{FAE04EC0-301F-11D3-BF4B-00C04F79EFBC}") = "Cephei.XL", "Cephei.XLC\Cephei.XL.csproj", "{5ACF51F7-93C9-4134-A714-BDCDDBBD5E58}"
EndProject
Project("{FAE04EC0-301F-11D3-BF4B-00C04F79EFBC}") = "Cephei.docfx", "Cephei.docfx\Cephei.docfx.csproj", "{481C3546-6129-4206-A1C4-2E92EBC3358B}"
EndProject
Global
	GlobalSection(SolutionConfigurationPlatforms) = preSolution
		Debug|Any CPU = Debug|Any CPU
		Debug|x64 = Debug|x64
		Debug|x86 = Debug|x86
		Release|Any CPU = Release|Any CPU
		Release|x64 = Release|x64
		Release|x86 = Release|x86
	EndGlobalSection
	GlobalSection(ProjectConfigurationPlatforms) = postSolution
		{947AA01A-F966-4731-9D27-373C74FEB794}.Debug|Any CPU.ActiveCfg = Debug|Any CPU
		{947AA01A-F966-4731-9D27-373C74FEB794}.Debug|Any CPU.Build.0 = Debug|Any CPU
		{947AA01A-F966-4731-9D27-373C74FEB794}.Debug|x64.ActiveCfg = Debug|Any CPU
		{947AA01A-F966-4731-9D27-373C74FEB794}.Debug|x64.Build.0 = Debug|Any CPU
		{947AA01A-F966-4731-9D27-373C74FEB794}.Debug|x86.ActiveCfg = Debug|Any CPU
		{947AA01A-F966-4731-9D27-373C74FEB794}.Debug|x86.Build.0 = Debug|Any CPU
		{947AA01A-F966-4731-9D27-373C74FEB794}.Release|Any CPU.ActiveCfg = Release|Any CPU
		{947AA01A-F966-4731-9D27-373C74FEB794}.Release|Any CPU.Build.0 = Release|Any CPU
		{947AA01A-F966-4731-9D27-373C74FEB794}.Release|x64.ActiveCfg = Release|Any CPU
		{947AA01A-F966-4731-9D27-373C74FEB794}.Release|x64.Build.0 = Release|Any CPU
		{947AA01A-F966-4731-9D27-373C74FEB794}.Release|x86.ActiveCfg = Release|Any CPU
		{947AA01A-F966-4731-9D27-373C74FEB794}.Release|x86.Build.0 = Release|Any CPU
		{46C72146-A69C-4881-B969-031639B73AB5}.Debug|Any CPU.ActiveCfg = Debug|Any CPU
		{46C72146-A69C-4881-B969-031639B73AB5}.Debug|x64.ActiveCfg = Debug|Any CPU
		{46C72146-A69C-4881-B969-031639B73AB5}.Debug|x64.Build.0 = Debug|Any CPU
		{46C72146-A69C-4881-B969-031639B73AB5}.Debug|x86.ActiveCfg = Debug|Any CPU
		{46C72146-A69C-4881-B969-031639B73AB5}.Debug|x86.Build.0 = Debug|Any CPU
		{46C72146-A69C-4881-B969-031639B73AB5}.Release|Any CPU.ActiveCfg = Release|Any CPU
		{46C72146-A69C-4881-B969-031639B73AB5}.Release|Any CPU.Build.0 = Release|Any CPU
		{46C72146-A69C-4881-B969-031639B73AB5}.Release|x64.ActiveCfg = Release|Any CPU
		{46C72146-A69C-4881-B969-031639B73AB5}.Release|x64.Build.0 = Release|Any CPU
		{46C72146-A69C-4881-B969-031639B73AB5}.Release|x86.ActiveCfg = Release|Any CPU
		{46C72146-A69C-4881-B969-031639B73AB5}.Release|x86.Build.0 = Release|Any CPU
		{1D36E2D2-01C8-4E6E-81DD-D009653858AF}.Debug|Any CPU.ActiveCfg = Debug|Any CPU
		{1D36E2D2-01C8-4E6E-81DD-D009653858AF}.Debug|Any CPU.Build.0 = Debug|Any CPU
		{1D36E2D2-01C8-4E6E-81DD-D009653858AF}.Debug|x64.ActiveCfg = Debug|Any CPU
		{1D36E2D2-01C8-4E6E-81DD-D009653858AF}.Debug|x64.Build.0 = Debug|Any CPU
		{1D36E2D2-01C8-4E6E-81DD-D009653858AF}.Debug|x86.ActiveCfg = Debug|x86
		{1D36E2D2-01C8-4E6E-81DD-D009653858AF}.Debug|x86.Build.0 = Debug|x86
		{1D36E2D2-01C8-4E6E-81DD-D009653858AF}.Release|Any CPU.ActiveCfg = Release|Any CPU
		{1D36E2D2-01C8-4E6E-81DD-D009653858AF}.Release|Any CPU.Build.0 = Release|Any CPU
		{1D36E2D2-01C8-4E6E-81DD-D009653858AF}.Release|x64.ActiveCfg = Release|Any CPU
		{1D36E2D2-01C8-4E6E-81DD-D009653858AF}.Release|x64.Build.0 = Release|Any CPU
		{1D36E2D2-01C8-4E6E-81DD-D009653858AF}.Release|x86.ActiveCfg = Release|x86
		{1D36E2D2-01C8-4E6E-81DD-D009653858AF}.Release|x86.Build.0 = Release|x86
		{EE5D4241-7681-4C43-80A7-B94343A53780}.Debug|Any CPU.ActiveCfg = Debug|Any CPU
		{EE5D4241-7681-4C43-80A7-B94343A53780}.Debug|x64.ActiveCfg = Debug|Any CPU
		{EE5D4241-7681-4C43-80A7-B94343A53780}.Debug|x64.Build.0 = Debug|Any CPU
		{EE5D4241-7681-4C43-80A7-B94343A53780}.Debug|x86.ActiveCfg = Debug|Any CPU
		{EE5D4241-7681-4C43-80A7-B94343A53780}.Debug|x86.Build.0 = Debug|Any CPU
		{EE5D4241-7681-4C43-80A7-B94343A53780}.Release|Any CPU.ActiveCfg = Release|Any CPU
		{EE5D4241-7681-4C43-80A7-B94343A53780}.Release|Any CPU.Build.0 = Release|Any CPU
		{EE5D4241-7681-4C43-80A7-B94343A53780}.Release|x64.ActiveCfg = Release|Any CPU
		{EE5D4241-7681-4C43-80A7-B94343A53780}.Release|x64.Build.0 = Release|Any CPU
		{EE5D4241-7681-4C43-80A7-B94343A53780}.Release|x86.ActiveCfg = Release|Any CPU
		{EE5D4241-7681-4C43-80A7-B94343A53780}.Release|x86.Build.0 = Release|Any CPU
		{E3D627AF-54B8-4A9B-B645-0DEF1D08B9EB}.Debug|Any CPU.ActiveCfg = Debug|Any CPU
		{E3D627AF-54B8-4A9B-B645-0DEF1D08B9EB}.Debug|Any CPU.Build.0 = Debug|Any CPU
		{E3D627AF-54B8-4A9B-B645-0DEF1D08B9EB}.Debug|x64.ActiveCfg = Debug|Any CPU
		{E3D627AF-54B8-4A9B-B645-0DEF1D08B9EB}.Debug|x64.Build.0 = Debug|Any CPU
		{E3D627AF-54B8-4A9B-B645-0DEF1D08B9EB}.Debug|x86.ActiveCfg = Debug|Any CPU
		{E3D627AF-54B8-4A9B-B645-0DEF1D08B9EB}.Debug|x86.Build.0 = Debug|Any CPU
		{E3D627AF-54B8-4A9B-B645-0DEF1D08B9EB}.Release|Any CPU.ActiveCfg = Release|Any CPU
		{E3D627AF-54B8-4A9B-B645-0DEF1D08B9EB}.Release|Any CPU.Build.0 = Release|Any CPU
		{E3D627AF-54B8-4A9B-B645-0DEF1D08B9EB}.Release|x64.ActiveCfg = Release|Any CPU
		{E3D627AF-54B8-4A9B-B645-0DEF1D08B9EB}.Release|x64.Build.0 = Release|Any CPU
		{E3D627AF-54B8-4A9B-B645-0DEF1D08B9EB}.Release|x86.ActiveCfg = Release|Any CPU
		{E3D627AF-54B8-4A9B-B645-0DEF1D08B9EB}.Release|x86.Build.0 = Release|Any CPU
		{A112B056-007E-4D4C-B83E-87FEE72F2CD5}.Debug|Any CPU.ActiveCfg = Debug|Any CPU
		{A112B056-007E-4D4C-B83E-87FEE72F2CD5}.Debug|Any CPU.Build.0 = Debug|Any CPU
		{A112B056-007E-4D4C-B83E-87FEE72F2CD5}.Debug|x64.ActiveCfg = Debug|Any CPU
		{A112B056-007E-4D4C-B83E-87FEE72F2CD5}.Debug|x64.Build.0 = Debug|Any CPU
		{A112B056-007E-4D4C-B83E-87FEE72F2CD5}.Debug|x86.ActiveCfg = Debug|Any CPU
		{A112B056-007E-4D4C-B83E-87FEE72F2CD5}.Debug|x86.Build.0 = Debug|Any CPU
		{A112B056-007E-4D4C-B83E-87FEE72F2CD5}.Release|Any CPU.ActiveCfg = Release|Any CPU
		{A112B056-007E-4D4C-B83E-87FEE72F2CD5}.Release|Any CPU.Build.0 = Release|Any CPU
		{A112B056-007E-4D4C-B83E-87FEE72F2CD5}.Release|x64.ActiveCfg = Release|Any CPU
		{A112B056-007E-4D4C-B83E-87FEE72F2CD5}.Release|x64.Build.0 = Release|Any CPU
		{A112B056-007E-4D4C-B83E-87FEE72F2CD5}.Release|x86.ActiveCfg = Release|Any CPU
		{A112B056-007E-4D4C-B83E-87FEE72F2CD5}.Release|x86.Build.0 = Release|Any CPU
		{B0F64D90-8900-41F6-ACB5-CA0000F9F7BC}.Debug|Any CPU.ActiveCfg = Debug|Any CPU
		{B0F64D90-8900-41F6-ACB5-CA0000F9F7BC}.Debug|Any CPU.Build.0 = Debug|Any CPU
		{B0F64D90-8900-41F6-ACB5-CA0000F9F7BC}.Debug|x64.ActiveCfg = Debug|Any CPU
		{B0F64D90-8900-41F6-ACB5-CA0000F9F7BC}.Debug|x64.Build.0 = Debug|Any CPU
		{B0F64D90-8900-41F6-ACB5-CA0000F9F7BC}.Debug|x86.ActiveCfg = Debug|Any CPU
		{B0F64D90-8900-41F6-ACB5-CA0000F9F7BC}.Debug|x86.Build.0 = Debug|Any CPU
		{B0F64D90-8900-41F6-ACB5-CA0000F9F7BC}.Release|Any CPU.ActiveCfg = Release|Any CPU
		{B0F64D90-8900-41F6-ACB5-CA0000F9F7BC}.Release|Any CPU.Build.0 = Release|Any CPU
		{B0F64D90-8900-41F6-ACB5-CA0000F9F7BC}.Release|x64.ActiveCfg = Release|Any CPU
		{B0F64D90-8900-41F6-ACB5-CA0000F9F7BC}.Release|x64.Build.0 = Release|Any CPU
		{B0F64D90-8900-41F6-ACB5-CA0000F9F7BC}.Release|x86.ActiveCfg = Release|Any CPU
		{B0F64D90-8900-41F6-ACB5-CA0000F9F7BC}.Release|x86.Build.0 = Release|Any CPU
		{E54ED882-2B80-47D9-8D4E-1EE08344AD34}.Debug|Any CPU.ActiveCfg = Debug|Any CPU
		{E54ED882-2B80-47D9-8D4E-1EE08344AD34}.Debug|x64.ActiveCfg = Debug|Any CPU
		{E54ED882-2B80-47D9-8D4E-1EE08344AD34}.Debug|x64.Build.0 = Debug|Any CPU
		{E54ED882-2B80-47D9-8D4E-1EE08344AD34}.Debug|x86.ActiveCfg = Debug|Any CPU
		{E54ED882-2B80-47D9-8D4E-1EE08344AD34}.Debug|x86.Build.0 = Debug|Any CPU
		{E54ED882-2B80-47D9-8D4E-1EE08344AD34}.Release|Any CPU.ActiveCfg = Release|Any CPU
		{E54ED882-2B80-47D9-8D4E-1EE08344AD34}.Release|Any CPU.Build.0 = Release|Any CPU
		{E54ED882-2B80-47D9-8D4E-1EE08344AD34}.Release|x64.ActiveCfg = Release|Any CPU
		{E54ED882-2B80-47D9-8D4E-1EE08344AD34}.Release|x64.Build.0 = Release|Any CPU
		{E54ED882-2B80-47D9-8D4E-1EE08344AD34}.Release|x86.ActiveCfg = Release|Any CPU
		{E54ED882-2B80-47D9-8D4E-1EE08344AD34}.Release|x86.Build.0 = Release|Any CPU
		{A3C24859-C41B-483D-A5BA-3E6D6A1DB6A0}.Debug|Any CPU.ActiveCfg = Debug|Any CPU
		{A3C24859-C41B-483D-A5BA-3E6D6A1DB6A0}.Debug|Any CPU.Build.0 = Debug|Any CPU
		{A3C24859-C41B-483D-A5BA-3E6D6A1DB6A0}.Debug|x64.ActiveCfg = Debug|Any CPU
		{A3C24859-C41B-483D-A5BA-3E6D6A1DB6A0}.Debug|x64.Build.0 = Debug|Any CPU
		{A3C24859-C41B-483D-A5BA-3E6D6A1DB6A0}.Debug|x86.ActiveCfg = Debug|Any CPU
		{A3C24859-C41B-483D-A5BA-3E6D6A1DB6A0}.Debug|x86.Build.0 = Debug|Any CPU
		{A3C24859-C41B-483D-A5BA-3E6D6A1DB6A0}.Release|Any CPU.ActiveCfg = Release|Any CPU
		{A3C24859-C41B-483D-A5BA-3E6D6A1DB6A0}.Release|Any CPU.Build.0 = Release|Any CPU
		{A3C24859-C41B-483D-A5BA-3E6D6A1DB6A0}.Release|x64.ActiveCfg = Release|Any CPU
		{A3C24859-C41B-483D-A5BA-3E6D6A1DB6A0}.Release|x64.Build.0 = Release|Any CPU
		{A3C24859-C41B-483D-A5BA-3E6D6A1DB6A0}.Release|x86.ActiveCfg = Release|Any CPU
		{A3C24859-C41B-483D-A5BA-3E6D6A1DB6A0}.Release|x86.Build.0 = Release|Any CPU
		{4E11CADD-6287-4E2A-BFE2-AB7F3D4CD3C5}.Debug|Any CPU.ActiveCfg = Debug|Any CPU
		{4E11CADD-6287-4E2A-BFE2-AB7F3D4CD3C5}.Debug|Any CPU.Build.0 = Debug|Any CPU
		{4E11CADD-6287-4E2A-BFE2-AB7F3D4CD3C5}.Debug|x64.ActiveCfg = Debug|Any CPU
		{4E11CADD-6287-4E2A-BFE2-AB7F3D4CD3C5}.Debug|x64.Build.0 = Debug|Any CPU
		{4E11CADD-6287-4E2A-BFE2-AB7F3D4CD3C5}.Debug|x86.ActiveCfg = Debug|Any CPU
		{4E11CADD-6287-4E2A-BFE2-AB7F3D4CD3C5}.Debug|x86.Build.0 = Debug|Any CPU
		{4E11CADD-6287-4E2A-BFE2-AB7F3D4CD3C5}.Release|Any CPU.ActiveCfg = Release|Any CPU
		{4E11CADD-6287-4E2A-BFE2-AB7F3D4CD3C5}.Release|Any CPU.Build.0 = Release|Any CPU
		{4E11CADD-6287-4E2A-BFE2-AB7F3D4CD3C5}.Release|x64.ActiveCfg = Release|Any CPU
		{4E11CADD-6287-4E2A-BFE2-AB7F3D4CD3C5}.Release|x64.Build.0 = Release|Any CPU
		{4E11CADD-6287-4E2A-BFE2-AB7F3D4CD3C5}.Release|x86.ActiveCfg = Release|Any CPU
		{4E11CADD-6287-4E2A-BFE2-AB7F3D4CD3C5}.Release|x86.Build.0 = Release|Any CPU
		{F530F568-13DD-48CB-A41B-C030B2A4FA86}.Debug|Any CPU.ActiveCfg = Debug|Any CPU
		{F530F568-13DD-48CB-A41B-C030B2A4FA86}.Debug|Any CPU.Build.0 = Debug|Any CPU
		{F530F568-13DD-48CB-A41B-C030B2A4FA86}.Debug|x64.ActiveCfg = Debug|Any CPU
		{F530F568-13DD-48CB-A41B-C030B2A4FA86}.Debug|x64.Build.0 = Debug|Any CPU
		{F530F568-13DD-48CB-A41B-C030B2A4FA86}.Debug|x86.ActiveCfg = Debug|Any CPU
		{F530F568-13DD-48CB-A41B-C030B2A4FA86}.Debug|x86.Build.0 = Debug|Any CPU
		{F530F568-13DD-48CB-A41B-C030B2A4FA86}.Release|Any CPU.ActiveCfg = Release|Any CPU
		{F530F568-13DD-48CB-A41B-C030B2A4FA86}.Release|Any CPU.Build.0 = Release|Any CPU
		{F530F568-13DD-48CB-A41B-C030B2A4FA86}.Release|x64.ActiveCfg = Release|Any CPU
		{F530F568-13DD-48CB-A41B-C030B2A4FA86}.Release|x64.Build.0 = Release|Any CPU
		{F530F568-13DD-48CB-A41B-C030B2A4FA86}.Release|x86.ActiveCfg = Release|Any CPU
		{F530F568-13DD-48CB-A41B-C030B2A4FA86}.Release|x86.Build.0 = Release|Any CPU
		{A457E797-022C-4D1B-A3B1-51F8284F6F8D}.Debug|Any CPU.ActiveCfg = Debug|Any CPU
		{A457E797-022C-4D1B-A3B1-51F8284F6F8D}.Debug|Any CPU.Build.0 = Debug|Any CPU
		{A457E797-022C-4D1B-A3B1-51F8284F6F8D}.Debug|x64.ActiveCfg = Debug|Any CPU
		{A457E797-022C-4D1B-A3B1-51F8284F6F8D}.Debug|x64.Build.0 = Debug|Any CPU
		{A457E797-022C-4D1B-A3B1-51F8284F6F8D}.Debug|x86.ActiveCfg = Debug|Any CPU
		{A457E797-022C-4D1B-A3B1-51F8284F6F8D}.Debug|x86.Build.0 = Debug|Any CPU
		{A457E797-022C-4D1B-A3B1-51F8284F6F8D}.Release|Any CPU.ActiveCfg = Release|Any CPU
		{A457E797-022C-4D1B-A3B1-51F8284F6F8D}.Release|Any CPU.Build.0 = Release|Any CPU
		{A457E797-022C-4D1B-A3B1-51F8284F6F8D}.Release|x64.ActiveCfg = Release|Any CPU
		{A457E797-022C-4D1B-A3B1-51F8284F6F8D}.Release|x64.Build.0 = Release|Any CPU
		{A457E797-022C-4D1B-A3B1-51F8284F6F8D}.Release|x86.ActiveCfg = Release|Any CPU
		{A457E797-022C-4D1B-A3B1-51F8284F6F8D}.Release|x86.Build.0 = Release|Any CPU
		{5ACF51F7-93C9-4134-A714-BDCDDBBD5E58}.Debug|Any CPU.ActiveCfg = Debug|Any CPU
		{5ACF51F7-93C9-4134-A714-BDCDDBBD5E58}.Debug|Any CPU.Build.0 = Debug|Any CPU
		{5ACF51F7-93C9-4134-A714-BDCDDBBD5E58}.Debug|x64.ActiveCfg = Debug|Any CPU
		{5ACF51F7-93C9-4134-A714-BDCDDBBD5E58}.Debug|x64.Build.0 = Debug|Any CPU
		{5ACF51F7-93C9-4134-A714-BDCDDBBD5E58}.Debug|x86.ActiveCfg = Debug|Any CPU
		{5ACF51F7-93C9-4134-A714-BDCDDBBD5E58}.Debug|x86.Build.0 = Debug|Any CPU
		{5ACF51F7-93C9-4134-A714-BDCDDBBD5E58}.Release|Any CPU.ActiveCfg = Release|Any CPU
		{5ACF51F7-93C9-4134-A714-BDCDDBBD5E58}.Release|Any CPU.Build.0 = Release|Any CPU
		{5ACF51F7-93C9-4134-A714-BDCDDBBD5E58}.Release|x64.ActiveCfg = Release|Any CPU
		{5ACF51F7-93C9-4134-A714-BDCDDBBD5E58}.Release|x64.Build.0 = Release|Any CPU
		{5ACF51F7-93C9-4134-A714-BDCDDBBD5E58}.Release|x86.ActiveCfg = Release|Any CPU
		{5ACF51F7-93C9-4134-A714-BDCDDBBD5E58}.Release|x86.Build.0 = Release|Any CPU
		{481C3546-6129-4206-A1C4-2E92EBC3358B}.Debug|Any CPU.ActiveCfg = Debug|Any CPU
		{481C3546-6129-4206-A1C4-2E92EBC3358B}.Debug|Any CPU.Build.0 = Debug|Any CPU
		{481C3546-6129-4206-A1C4-2E92EBC3358B}.Debug|x64.ActiveCfg = Debug|Any CPU
		{481C3546-6129-4206-A1C4-2E92EBC3358B}.Debug|x64.Build.0 = Debug|Any CPU
		{481C3546-6129-4206-A1C4-2E92EBC3358B}.Debug|x86.ActiveCfg = Debug|Any CPU
		{481C3546-6129-4206-A1C4-2E92EBC3358B}.Debug|x86.Build.0 = Debug|Any CPU
		{481C3546-6129-4206-A1C4-2E92EBC3358B}.Release|Any CPU.ActiveCfg = Release|Any CPU
		{481C3546-6129-4206-A1C4-2E92EBC3358B}.Release|Any CPU.Build.0 = Release|Any CPU
		{481C3546-6129-4206-A1C4-2E92EBC3358B}.Release|x64.ActiveCfg = Release|Any CPU
		{481C3546-6129-4206-A1C4-2E92EBC3358B}.Release|x64.Build.0 = Release|Any CPU
		{481C3546-6129-4206-A1C4-2E92EBC3358B}.Release|x86.ActiveCfg = Release|Any CPU
		{481C3546-6129-4206-A1C4-2E92EBC3358B}.Release|x86.Build.0 = Release|Any CPU
	EndGlobalSection
	GlobalSection(SolutionProperties) = preSolution
		HideSolutionNode = FALSE
	EndGlobalSection
	GlobalSection(ExtensibilityGlobals) = postSolution
		SolutionGuid = {338DB648-2E60-4FCA-9ACF-2ECD86E07F24}
	EndGlobalSection
EndGlobal
